
Microsoft Visual Studio Solution File, Format Version 12.00
# Visual Studio 15
VisualStudioVersion = 15.0.26730.16
MinimumVisualStudioVersion = 10.0.40219.1
Project("{FAE04EC0-301F-11D3-BF4B-00C04F79EFBC}") = "DosyaSifrelemeDeneme", "DosyaSifrelemeDeneme\DosyaSifrelemeDeneme.csproj", "{C38FEDF8-F57C-46F0-8BFC-C34885AF165F}"
EndProject
Global
	GlobalSection(SolutionConfigurationPlatforms) = preSolution
		Debug|Any CPU = Debug|Any CPU
		Release|Any CPU = Release|Any CPU
	EndGlobalSection
	GlobalSection(ProjectConfigurationPlatforms) = postSolution
		{C38FEDF8-F57C-46F0-8BFC-C34885AF165F}.Debug|Any CPU.ActiveCfg = Debug|Any CPU
		{C38FEDF8-F57C-46F0-8BFC-C34885AF165F}.Debug|Any CPU.Build.0 = Debug|Any CPU
		{C38FEDF8-F57C-46F0-8BFC-C34885AF165F}.Release|Any CPU.ActiveCfg = Release|Any CPU
		{C38FEDF8-F57C-46F0-8BFC-C34885AF165F}.Release|Any CPU.Build.0 = Release|Any CPU
	EndGlobalSection
	GlobalSection(SolutionProperties) = preSolution
		HideSolutionNode = FALSE
	EndGlobalSection
	GlobalSection(ExtensibilityGlobals) = postSolution
		SolutionGuid = {D2BCAE55-1352-4221-9A35-A4FA3DBF690A}
	EndGlobalSection
EndGlobal
